
Microsoft Visual Studio Solution File, Format Version 12.00
# Visual Studio Version 17
VisualStudioVersion = 17.1.32421.90
MinimumVisualStudioVersion = 10.0.40219.1
Project("{8BC9CEB8-8B4A-11D0-8D11-00A0C91BC942}") = "vfdynf", "vfdynf\vfdynf.vcxproj", "{00750FC7-0EC0-4AB1-9F00-7713C3F847E4}"
	ProjectSection(ProjectDependencies) = postProject
		{03754482-7F23-4D63-AFDD-4340027DD2AF} = {03754482-7F23-4D63-AFDD-4340027DD2AF}
		{48A9C2E5-6016-4E8F-B057-2121B41DAEB3} = {48A9C2E5-6016-4E8F-B057-2121B41DAEB3}
	EndProjectSection
EndProject
Project("{8BC9CEB8-8B4A-11D0-8D11-00A0C91BC942}") = "vrfcore", "vrfcore\vrfcore.vcxproj", "{48A9C2E5-6016-4E8F-B057-2121B41DAEB3}"
EndProject
Project("{8BC9CEB8-8B4A-11D0-8D11-00A0C91BC942}") = "pcre2", "pcre2\pcre2.vcxproj", "{03754482-7F23-4D63-AFDD-4340027DD2AF}"
EndProject
Project("{8BC9CEB8-8B4A-11D0-8D11-00A0C91BC942}") = "testdynf", "tests\testdynf\testdynf.vcxproj", "{47BCD324-8648-4709-A3E8-D1ADD3EE2ECE}"
EndProject
Project("{8BC9CEB8-8B4A-11D0-8D11-00A0C91BC942}") = "testdynf2", "tests\testdynf2\testdynf2.vcxproj", "{8393ADA5-261E-45A3-AE10-7A26B5F7B76A}"
EndProject
Project("{2150E333-8FDC-42A3-9474-1A3956D46DE8}") = "tests", "tests", "{76CA58AD-43D1-41A1-BCFE-E73492F052B2}"
EndProject
Global
	GlobalSection(SolutionConfigurationPlatforms) = preSolution
		Debug|ARM64 = Debug|ARM64
		Debug|ARM64EC = Debug|ARM64EC
		Debug|x64 = Debug|x64
		Debug|x86 = Debug|x86
		Release|ARM64 = Release|ARM64
		Release|ARM64EC = Release|ARM64EC
		Release|x64 = Release|x64
		Release|x86 = Release|x86
	EndGlobalSection
	GlobalSection(ProjectConfigurationPlatforms) = postSolution
		{00750FC7-0EC0-4AB1-9F00-7713C3F847E4}.Debug|ARM64.ActiveCfg = Debug|ARM64
		{00750FC7-0EC0-4AB1-9F00-7713C3F847E4}.Debug|ARM64.Build.0 = Debug|ARM64
		{00750FC7-0EC0-4AB1-9F00-7713C3F847E4}.Debug|ARM64EC.ActiveCfg = Debug|ARM64EC
		{00750FC7-0EC0-4AB1-9F00-7713C3F847E4}.Debug|ARM64EC.Build.0 = Debug|ARM64EC
		{00750FC7-0EC0-4AB1-9F00-7713C3F847E4}.Debug|x64.ActiveCfg = Debug|x64
		{00750FC7-0EC0-4AB1-9F00-7713C3F847E4}.Debug|x64.Build.0 = Debug|x64
		{00750FC7-0EC0-4AB1-9F00-7713C3F847E4}.Debug|x86.ActiveCfg = Debug|Win32
		{00750FC7-0EC0-4AB1-9F00-7713C3F847E4}.Debug|x86.Build.0 = Debug|Win32
		{00750FC7-0EC0-4AB1-9F00-7713C3F847E4}.Release|ARM64.ActiveCfg = Release|ARM64
		{00750FC7-0EC0-4AB1-9F00-7713C3F847E4}.Release|ARM64.Build.0 = Release|ARM64
		{00750FC7-0EC0-4AB1-9F00-7713C3F847E4}.Release|ARM64EC.ActiveCfg = Release|ARM64EC
		{00750FC7-0EC0-4AB1-9F00-7713C3F847E4}.Release|ARM64EC.Build.0 = Release|ARM64EC
		{00750FC7-0EC0-4AB1-9F00-7713C3F847E4}.Release|x64.ActiveCfg = Release|x64
		{00750FC7-0EC0-4AB1-9F00-7713C3F847E4}.Release|x64.Build.0 = Release|x64
		{00750FC7-0EC0-4AB1-9F00-7713C3F847E4}.Release|x86.ActiveCfg = Release|Win32
		{00750FC7-0EC0-4AB1-9F00-7713C3F847E4}.Release|x86.Build.0 = Release|Win32
		{48A9C2E5-6016-4E8F-B057-2121B41DAEB3}.Debug|ARM64.ActiveCfg = Debug|ARM64
		{48A9C2E5-6016-4E8F-B057-2121B41DAEB3}.Debug|ARM64.Build.0 = Debug|ARM64
		{48A9C2E5-6016-4E8F-B057-2121B41DAEB3}.Debug|ARM64EC.ActiveCfg = Debug|ARM64EC
		{48A9C2E5-6016-4E8F-B057-2121B41DAEB3}.Debug|ARM64EC.Build.0 = Debug|ARM64EC
		{48A9C2E5-6016-4E8F-B057-2121B41DAEB3}.Debug|x64.ActiveCfg = Debug|x64
		{48A9C2E5-6016-4E8F-B057-2121B41DAEB3}.Debug|x64.Build.0 = Debug|x64
		{48A9C2E5-6016-4E8F-B057-2121B41DAEB3}.Debug|x86.ActiveCfg = Debug|Win32
		{48A9C2E5-6016-4E8F-B057-2121B41DAEB3}.Debug|x86.Build.0 = Debug|Win32
		{48A9C2E5-6016-4E8F-B057-2121B41DAEB3}.Release|ARM64.ActiveCfg = Release|ARM64
		{48A9C2E5-6016-4E8F-B057-2121B41DAEB3}.Release|ARM64.Build.0 = Release|ARM64
		{48A9C2E5-6016-4E8F-B057-2121B41DAEB3}.Release|ARM64EC.ActiveCfg = Release|ARM64EC
		{48A9C2E5-6016-4E8F-B057-2121B41DAEB3}.Release|ARM64EC.Build.0 = Release|ARM64EC
		{48A9C2E5-6016-4E8F-B057-2121B41DAEB3}.Release|x64.ActiveCfg = Release|x64
		{48A9C2E5-6016-4E8F-B057-2121B41DAEB3}.Release|x64.Build.0 = Release|x64
		{48A9C2E5-6016-4E8F-B057-2121B41DAEB3}.Release|x86.ActiveCfg = Release|Win32
		{48A9C2E5-6016-4E8F-B057-2121B41DAEB3}.Release|x86.Build.0 = Release|Win32
		{03754482-7F23-4D63-AFDD-4340027DD2AF}.Debug|ARM64.ActiveCfg = Debug|ARM64
		{03754482-7F23-4D63-AFDD-4340027DD2AF}.Debug|ARM64.Build.0 = Debug|ARM64
		{03754482-7F23-4D63-AFDD-4340027DD2AF}.Debug|ARM64EC.ActiveCfg = Debug|ARM64EC
		{03754482-7F23-4D63-AFDD-4340027DD2AF}.Debug|ARM64EC.Build.0 = Debug|ARM64EC
		{03754482-7F23-4D63-AFDD-4340027DD2AF}.Debug|x64.ActiveCfg = Debug|x64
		{03754482-7F23-4D63-AFDD-4340027DD2AF}.Debug|x64.Build.0 = Debug|x64
		{03754482-7F23-4D63-AFDD-4340027DD2AF}.Debug|x86.ActiveCfg = Debug|Win32
		{03754482-7F23-4D63-AFDD-4340027DD2AF}.Debug|x86.Build.0 = Debug|Win32
		{03754482-7F23-4D63-AFDD-4340027DD2AF}.Release|ARM64.ActiveCfg = Release|ARM64
		{03754482-7F23-4D63-AFDD-4340027DD2AF}.Release|ARM64.Build.0 = Release|ARM64
		{03754482-7F23-4D63-AFDD-4340027DD2AF}.Release|ARM64EC.ActiveCfg = Release|ARM64EC
		{03754482-7F23-4D63-AFDD-4340027DD2AF}.Release|ARM64EC.Build.0 = Release|ARM64EC
		{03754482-7F23-4D63-AFDD-4340027DD2AF}.Release|x64.ActiveCfg = Release|x64
		{03754482-7F23-4D63-AFDD-4340027DD2AF}.Release|x64.Build.0 = Release|x64
		{03754482-7F23-4D63-AFDD-4340027DD2AF}.Release|x86.ActiveCfg = Release|Win32
		{03754482-7F23-4D63-AFDD-4340027DD2AF}.Release|x86.Build.0 = Release|Win32
		{47BCD324-8648-4709-A3E8-D1ADD3EE2ECE}.Debug|ARM64.ActiveCfg = Debug|ARM64
		{47BCD324-8648-4709-A3E8-D1ADD3EE2ECE}.Debug|ARM64.Build.0 = Debug|ARM64
		{47BCD324-8648-4709-A3E8-D1ADD3EE2ECE}.Debug|ARM64EC.ActiveCfg = Debug|ARM64EC
		{47BCD324-8648-4709-A3E8-D1ADD3EE2ECE}.Debug|ARM64EC.Build.0 = Debug|ARM64EC
		{47BCD324-8648-4709-A3E8-D1ADD3EE2ECE}.Debug|x64.ActiveCfg = Debug|x64
		{47BCD324-8648-4709-A3E8-D1ADD3EE2ECE}.Debug|x64.Build.0 = Debug|x64
		{47BCD324-8648-4709-A3E8-D1ADD3EE2ECE}.Debug|x86.ActiveCfg = Debug|Win32
		{47BCD324-8648-4709-A3E8-D1ADD3EE2ECE}.Debug|x86.Build.0 = Debug|Win32
		{47BCD324-8648-4709-A3E8-D1ADD3EE2ECE}.Release|ARM64.ActiveCfg = Release|ARM64
		{47BCD324-8648-4709-A3E8-D1ADD3EE2ECE}.Release|ARM64.Build.0 = Release|ARM64
		{47BCD324-8648-4709-A3E8-D1ADD3EE2ECE}.Release|ARM64EC.ActiveCfg = Release|ARM64EC
		{47BCD324-8648-4709-A3E8-D1ADD3EE2ECE}.Release|ARM64EC.Build.0 = Release|ARM64EC
		{47BCD324-8648-4709-A3E8-D1ADD3EE2ECE}.Release|x64.ActiveCfg = Release|x64
		{47BCD324-8648-4709-A3E8-D1ADD3EE2ECE}.Release|x64.Build.0 = Release|x64
		{47BCD324-8648-4709-A3E8-D1ADD3EE2ECE}.Release|x86.ActiveCfg = Release|Win32
		{47BCD324-8648-4709-A3E8-D1ADD3EE2ECE}.Release|x86.Build.0 = Release|Win32
		{8393ADA5-261E-45A3-AE10-7A26B5F7B76A}.Debug|ARM64.ActiveCfg = Debug|x64
		{8393ADA5-261E-45A3-AE10-7A26B5F7B76A}.Debug|ARM64.Build.0 = Debug|x64
		{8393ADA5-261E-45A3-AE10-7A26B5F7B76A}.Debug|ARM64EC.ActiveCfg = Debug|x64
		{8393ADA5-261E-45A3-AE10-7A26B5F7B76A}.Debug|ARM64EC.Build.0 = Debug|x64
		{8393ADA5-261E-45A3-AE10-7A26B5F7B76A}.Debug|x64.ActiveCfg = Debug|x64
		{8393ADA5-261E-45A3-AE10-7A26B5F7B76A}.Debug|x64.Build.0 = Debug|x64
		{8393ADA5-261E-45A3-AE10-7A26B5F7B76A}.Debug|x86.ActiveCfg = Debug|Win32
		{8393ADA5-261E-45A3-AE10-7A26B5F7B76A}.Debug|x86.Build.0 = Debug|Win32
		{8393ADA5-261E-45A3-AE10-7A26B5F7B76A}.Release|ARM64.ActiveCfg = Release|x64
		{8393ADA5-261E-45A3-AE10-7A26B5F7B76A}.Release|ARM64.Build.0 = Release|x64
		{8393ADA5-261E-45A3-AE10-7A26B5F7B76A}.Release|ARM64EC.ActiveCfg = Release|x64
		{8393ADA5-261E-45A3-AE10-7A26B5F7B76A}.Release|ARM64EC.Build.0 = Release|x64
		{8393ADA5-261E-45A3-AE10-7A26B5F7B76A}.Release|x64.ActiveCfg = Release|x64
		{8393ADA5-261E-45A3-AE10-7A26B5F7B76A}.Release|x64.Build.0 = Release|x64
		{8393ADA5-261E-45A3-AE10-7A26B5F7B76A}.Release|x86.ActiveCfg = Release|Win32
		{8393ADA5-261E-45A3-AE10-7A26B5F7B76A}.Release|x86.Build.0 = Release|Win32
	EndGlobalSection
	GlobalSection(SolutionProperties) = preSolution
		HideSolutionNode = FALSE
	EndGlobalSection
	GlobalSection(NestedProjects) = preSolution
		{47BCD324-8648-4709-A3E8-D1ADD3EE2ECE} = {76CA58AD-43D1-41A1-BCFE-E73492F052B2}
		{8393ADA5-261E-45A3-AE10-7A26B5F7B76A} = {76CA58AD-43D1-41A1-BCFE-E73492F052B2}
	EndGlobalSection
	GlobalSection(ExtensibilityGlobals) = postSolution
		SolutionGuid = {8095170F-0CF9-4EEF-BF76-963FDE24F5AE}
	EndGlobalSection
EndGlobal
