<?xml version="1.0" encoding="utf-8"?>
<Project ToolsVersion="4.0" xmlns="http://schemas.microsoft.com/developer/msbuild/2003">
  <ItemGroup>
    <ClCompile Include="dllmain.c" />
    <ClCompile Include="fault.c" />
    <ClCompile Include="stacktrk.c" />
    <ClCompile Include="hooks.c" />
    <ClCompile Include="crt_vfdynf.c" />
    <ClCompile Include="except.c" />
  </ItemGroup>
  <ItemGroup>
    <ClInclude Include="vfdynf.h" />
  </ItemGroup>
</Project>