<?xml version="1.0" encoding="utf-8"?>
<Project ToolsVersion="4.0" xmlns="http://schemas.microsoft.com/developer/msbuild/2003">
  <ItemGroup>
    <ClCompile Include="dllmain.c" />
    <ClCompile Include="fault.c" />
    <ClCompile Include="stacktrk.c" />
    <ClCompile Include="hooks.c" />
    <ClCompile Include="crt_vfdynf.c" />
    <ClCompile Include="except.c" />
    <ClCompile Include="hooks_event.c" />
    <ClCompile Include="hooks_file.c" />
    <ClCompile Include="hooks_ole.c" />
    <ClCompile Include="hooks_heap.c" />
    <ClCompile Include="hooks_reg.c" />
    <ClCompile Include="hooks_section.c" />
    <ClCompile Include="hooks_wait.c" />
    <ClCompile Include="hooks_vmem.c" />
    <ClCompile Include="fuzz.c" />
    <ClCompile Include="stop.c" />
  </ItemGroup>
  <ItemGroup>
    <ClInclude Include="vfdynf.h" />
    <ClInclude Include="hooks.h" />
    <ClInclude Include="resource.h" />
  </ItemGroup>
  <ItemGroup>
    <ResourceCompile Include="vfdynf.rc" />
  </ItemGroup>
</Project>